
Microsoft Visual Studio Solution File, Format Version 12.00
# Visual Studio Version 17
VisualStudioVersion = 17.11.35303.130
MinimumVisualStudioVersion = 10.0.40219.1
Project("{9A19103F-16F7-4668-BE54-9A1E7A4F7556}") = "Common", "Common\Common.csproj", "{F9857D99-9254-48B0-9293-3A875964250F}"
EndProject
Project("{9A19103F-16F7-4668-BE54-9A1E7A4F7556}") = "Worker", "Worker\Worker.csproj", "{DB9AD510-1307-40E2-94D0-9B16261F54FF}"
EndProject
Project("{9A19103F-16F7-4668-BE54-9A1E7A4F7556}") = "Manager", "Manager\Manager.csproj", "{D90DB383-933A-4F70-BD87-5C7C9BCDA2EF}"
EndProject
Project("{9A19103F-16F7-4668-BE54-9A1E7A4F7556}") = "Client", "Client\Client.csproj", "{4BA4AFB1-801F-4179-B80E-BAD29E35CD41}"
EndProject
Project("{9A19103F-16F7-4668-BE54-9A1E7A4F7556}") = "Common.Tests", "Common.Tests\Common.Tests.csproj", "{73BF28EC-0D93-4C65-8435-E03518EE7A3D}"
EndProject
Project("{9A19103F-16F7-4668-BE54-9A1E7A4F7556}") = "Worker.Tests", "Worker.Tests\Worker.Tests.csproj", "{3D337F77-C84B-45D1-B96F-22BEB4D0C8CA}"
EndProject
Project("{9A19103F-16F7-4668-BE54-9A1E7A4F7556}") = "Manager.Tests", "Manager.Tests\Manager.Tests.csproj", "{FED90791-83E1-4968-A15F-2CD88F896A66}"
EndProject
Project("{9A19103F-16F7-4668-BE54-9A1E7A4F7556}") = "Client.Tests", "Client.Tests\Client.Tests.csproj", "{61AE80A3-8B73-46FF-9667-2BCAB3213560}"
EndProject
Project("{FAE04EC0-301F-11D3-BF4B-00C04F79EFBC}") = "FakeWorker", "FakeWorker\FakeWorker.csproj", "{01420262-CB24-4212-97C8-457162EBE1EC}"
EndProject
Global
	GlobalSection(SolutionConfigurationPlatforms) = preSolution
		Debug|Any CPU = Debug|Any CPU
		Release|Any CPU = Release|Any CPU
	EndGlobalSection
	GlobalSection(ProjectConfigurationPlatforms) = postSolution
		{F9857D99-9254-48B0-9293-3A875964250F}.Debug|Any CPU.ActiveCfg = Debug|Any CPU
		{F9857D99-9254-48B0-9293-3A875964250F}.Debug|Any CPU.Build.0 = Debug|Any CPU
		{F9857D99-9254-48B0-9293-3A875964250F}.Release|Any CPU.ActiveCfg = Release|Any CPU
		{F9857D99-9254-48B0-9293-3A875964250F}.Release|Any CPU.Build.0 = Release|Any CPU
		{DB9AD510-1307-40E2-94D0-9B16261F54FF}.Debug|Any CPU.ActiveCfg = Debug|Any CPU
		{DB9AD510-1307-40E2-94D0-9B16261F54FF}.Debug|Any CPU.Build.0 = Debug|Any CPU
		{DB9AD510-1307-40E2-94D0-9B16261F54FF}.Release|Any CPU.ActiveCfg = Release|Any CPU
		{DB9AD510-1307-40E2-94D0-9B16261F54FF}.Release|Any CPU.Build.0 = Release|Any CPU
		{D90DB383-933A-4F70-BD87-5C7C9BCDA2EF}.Debug|Any CPU.ActiveCfg = Debug|Any CPU
		{D90DB383-933A-4F70-BD87-5C7C9BCDA2EF}.Debug|Any CPU.Build.0 = Debug|Any CPU
		{D90DB383-933A-4F70-BD87-5C7C9BCDA2EF}.Release|Any CPU.ActiveCfg = Release|Any CPU
		{D90DB383-933A-4F70-BD87-5C7C9BCDA2EF}.Release|Any CPU.Build.0 = Release|Any CPU
		{4BA4AFB1-801F-4179-B80E-BAD29E35CD41}.Debug|Any CPU.ActiveCfg = Debug|Any CPU
		{4BA4AFB1-801F-4179-B80E-BAD29E35CD41}.Debug|Any CPU.Build.0 = Debug|Any CPU
		{4BA4AFB1-801F-4179-B80E-BAD29E35CD41}.Release|Any CPU.ActiveCfg = Release|Any CPU
		{4BA4AFB1-801F-4179-B80E-BAD29E35CD41}.Release|Any CPU.Build.0 = Release|Any CPU
		{73BF28EC-0D93-4C65-8435-E03518EE7A3D}.Debug|Any CPU.ActiveCfg = Debug|Any CPU
		{73BF28EC-0D93-4C65-8435-E03518EE7A3D}.Debug|Any CPU.Build.0 = Debug|Any CPU
		{73BF28EC-0D93-4C65-8435-E03518EE7A3D}.Release|Any CPU.ActiveCfg = Release|Any CPU
		{73BF28EC-0D93-4C65-8435-E03518EE7A3D}.Release|Any CPU.Build.0 = Release|Any CPU
		{3D337F77-C84B-45D1-B96F-22BEB4D0C8CA}.Debug|Any CPU.ActiveCfg = Debug|Any CPU
		{3D337F77-C84B-45D1-B96F-22BEB4D0C8CA}.Debug|Any CPU.Build.0 = Debug|Any CPU
		{3D337F77-C84B-45D1-B96F-22BEB4D0C8CA}.Release|Any CPU.ActiveCfg = Release|Any CPU
		{3D337F77-C84B-45D1-B96F-22BEB4D0C8CA}.Release|Any CPU.Build.0 = Release|Any CPU
		{FED90791-83E1-4968-A15F-2CD88F896A66}.Debug|Any CPU.ActiveCfg = Debug|Any CPU
		{FED90791-83E1-4968-A15F-2CD88F896A66}.Debug|Any CPU.Build.0 = Debug|Any CPU
		{FED90791-83E1-4968-A15F-2CD88F896A66}.Release|Any CPU.ActiveCfg = Release|Any CPU
		{FED90791-83E1-4968-A15F-2CD88F896A66}.Release|Any CPU.Build.0 = Release|Any CPU
		{61AE80A3-8B73-46FF-9667-2BCAB3213560}.Debug|Any CPU.ActiveCfg = Debug|Any CPU
		{61AE80A3-8B73-46FF-9667-2BCAB3213560}.Debug|Any CPU.Build.0 = Debug|Any CPU
		{61AE80A3-8B73-46FF-9667-2BCAB3213560}.Release|Any CPU.ActiveCfg = Release|Any CPU
		{61AE80A3-8B73-46FF-9667-2BCAB3213560}.Release|Any CPU.Build.0 = Release|Any CPU
		{01420262-CB24-4212-97C8-457162EBE1EC}.Debug|Any CPU.ActiveCfg = Debug|Any CPU
		{01420262-CB24-4212-97C8-457162EBE1EC}.Debug|Any CPU.Build.0 = Debug|Any CPU
		{01420262-CB24-4212-97C8-457162EBE1EC}.Release|Any CPU.ActiveCfg = Release|Any CPU
		{01420262-CB24-4212-97C8-457162EBE1EC}.Release|Any CPU.Build.0 = Release|Any CPU
	EndGlobalSection
	GlobalSection(SolutionProperties) = preSolution
		HideSolutionNode = FALSE
	EndGlobalSection
	GlobalSection(ExtensibilityGlobals) = postSolution
		SolutionGuid = {7ABA66F8-6C60-4B33-BE05-D4DFAFFDFC46}
	EndGlobalSection
EndGlobal
